PODS:
  - PreviewUIKit (1.0.0)
  - SnapKit (5.0.1)

DEPENDENCIES:
  - PreviewUIKit
  - SnapKit (~> 5.0.0)

SPEC REPOS:
  trunk:
    - PreviewUIKit
    - SnapKit

SPEC CHECKSUMS:
  PreviewUIKit: 5d8918e4414a1ae3e11ba77185a4ccf33fb2a418
  SnapKit: 97b92857e3df3a0c71833cce143274bf6ef8e5eb

PODFILE CHECKSUM: c8c9142a897a53ccd5edc8373ca2c5acda1e05ef

COCOAPODS: 1.9.1
