PODS:
  - PreviewUIKit (1.0.0)
  - SnapKit (5.0.1)

DEPENDENCIES:
  - PreviewUIKit (~> 1.0.0)
  - SnapKit (~> 5.0.0)

SPEC REPOS:
  trunk:
    - PreviewUIKit
    - SnapKit

SPEC CHECKSUMS:
  PreviewUIKit: 5d8918e4414a1ae3e11ba77185a4ccf33fb2a418
  SnapKit: 97b92857e3df3a0c71833cce143274bf6ef8e5eb

PODFILE CHECKSUM: a3762295e94d76abb2c3de7f6252e24eecd81efd

COCOAPODS: 1.8.4
