PODS:
  - DPPreviewProvider (1.0.0)
  - SnapKit (5.0.1)

DEPENDENCIES:
  - DPPreviewProvider (from `../DPPreviewProvider`)
  - SnapKit (~> 5.0.0)

SPEC REPOS:
  trunk:
    - SnapKit

EXTERNAL SOURCES:
  DPPreviewProvider:
    :path: "../DPPreviewProvider"

SPEC CHECKSUMS:
  DPPreviewProvider: 19272a446071c1264716ca75c418b0df3371344c
  SnapKit: 97b92857e3df3a0c71833cce143274bf6ef8e5eb

PODFILE CHECKSUM: 23fe1607da6adb9da2bf9347ad4a93ac62ff4e8e

COCOAPODS: 1.8.3
